{
  "version": 4,
  "terraform_version": "1.4.5",
  "serial": 11,
  "lineage": "e9eba4d6-4e95-fe15-ee49-fbf52a9d24ea",
  "outputs": {},
  "resources": [
    {
      "mode": "managed",
      "type": "google_bigquery_dataset",
      "name": "default",
      "provider": "provider[\"registry.terraform.io/hashicorp/google\"]",
      "instances": [
        {
          "schema_version": 0,
          "attributes": {
            "access": [
              {
                "dataset": [],
                "domain": "",
                "group_by_email": "",
                "role": "OWNER",
                "routine": [],
                "special_group": "",
                "user_by_email": "tammy.ajadi@mlit.org.uk",
                "view": []
              },
              {
                "dataset": [],
                "domain": "",
                "group_by_email": "",
                "role": "OWNER",
                "routine": [],
                "special_group": "projectOwners",
                "user_by_email": "",
                "view": []
              },
              {
                "dataset": [],
                "domain": "",
                "group_by_email": "",
                "role": "READER",
                "routine": [],
                "special_group": "projectReaders",
                "user_by_email": "",
                "view": []
              },
              {
                "dataset": [],
                "domain": "",
                "group_by_email": "",
                "role": "WRITER",
                "routine": [],
                "special_group": "projectWriters",
                "user_by_email": "",
                "view": []
              }
            ],
            "creation_time": 1684750185280,
            "dataset_id": "foo",
            "default_collation": "",
            "default_encryption_configuration": [],
            "default_partition_expiration_ms": 0,
            "default_table_expiration_ms": 3600000,
            "delete_contents_on_destroy": false,
            "description": "This is a test description",
            "etag": "0px9bhMzuV7x/n+fWxLlYA==",
            "friendly_name": "test",
            "id": "projects/lgb-project-2023/datasets/foo",
            "is_case_insensitive": false,
            "labels": {
              "env": "default"
            },
            "last_modified_time": 1684750185280,
            "location": "EU",
            "max_time_travel_hours": "",
            "project": "lgb-project-2023",
            "self_link": "https://bigquery.googleapis.com/bigquery/v2/projects/lgb-project-2023/datasets/foo",
            "timeouts": null
          },
          "sensitive_attributes": [],
          "private": "eyJlMmJmYjczMC1lY2FhLTExZTYtOGY4OC0zNDM2M2JjN2M0YzAiOnsiY3JlYXRlIjoxMjAwMDAwMDAwMDAwLCJkZWxldGUiOjEyMDAwMDAwMDAwMDAsInVwZGF0ZSI6MTIwMDAwMDAwMDAwMH19"
        }
      ]
    },
    {
      "mode": "managed",
      "type": "google_bigquery_dataset",
      "name": "test",
      "provider": "provider[\"registry.terraform.io/hashicorp/google\"]",
      "instances": [
        {
          "schema_version": 0,
          "attributes": {
            "access": [
              {
                "dataset": [],
                "domain": "",
                "group_by_email": "",
                "role": "OWNER",
                "routine": [],
                "special_group": "",
                "user_by_email": "tammy.ajadi@mlit.org.uk",
                "view": []
              },
              {
                "dataset": [],
                "domain": "",
                "group_by_email": "",
                "role": "OWNER",
                "routine": [],
                "special_group": "projectOwners",
                "user_by_email": "",
                "view": []
              },
              {
                "dataset": [],
                "domain": "",
                "group_by_email": "",
                "role": "READER",
                "routine": [],
                "special_group": "projectReaders",
                "user_by_email": "",
                "view": []
              },
              {
                "dataset": [],
                "domain": "",
                "group_by_email": "",
                "role": "WRITER",
                "routine": [],
                "special_group": "projectWriters",
                "user_by_email": "",
                "view": []
              }
            ],
            "creation_time": 1684750185139,
            "dataset_id": "dataset_id",
            "default_collation": "",
            "default_encryption_configuration": [],
            "default_partition_expiration_ms": 0,
            "default_table_expiration_ms": 0,
            "delete_contents_on_destroy": false,
            "description": "",
            "etag": "zjK47j5UbhZ9kuG3J2CeRw==",
            "friendly_name": "",
            "id": "projects/lgb-project-2023/datasets/dataset_id",
            "is_case_insensitive": false,
            "labels": {},
            "last_modified_time": 1684750185139,
            "location": "US",
            "max_time_travel_hours": "",
            "project": "lgb-project-2023",
            "self_link": "https://bigquery.googleapis.com/bigquery/v2/projects/lgb-project-2023/datasets/dataset_id",
            "timeouts": null
          },
          "sensitive_attributes": [],
          "private": "eyJlMmJmYjczMC1lY2FhLTExZTYtOGY4OC0zNDM2M2JjN2M0YzAiOnsiY3JlYXRlIjoxMjAwMDAwMDAwMDAwLCJkZWxldGUiOjEyMDAwMDAwMDAwMDAsInVwZGF0ZSI6MTIwMDAwMDAwMDAwMH19"
        }
      ]
    },
    {
      "mode": "managed",
      "type": "google_bigquery_routine",
      "name": "sproc",
      "provider": "provider[\"registry.terraform.io/hashicorp/google\"]",
      "instances": [
        {
          "schema_version": 0,
          "attributes": {
            "arguments": [],
            "creation_time": 1684750185897,
            "dataset_id": "dataset_id",
            "definition_body": "CREATE FUNCTION Add(x FLOAT64, y FLOAT64) RETURNS FLOAT64 AS (x + y);",
            "description": "",
            "determinism_level": "",
            "id": "projects/lgb-project-2023/datasets/dataset_id/routines/routine_id",
            "imported_libraries": null,
            "language": "SQL",
            "last_modified_time": 1684750185897,
            "project": "lgb-project-2023",
            "return_table_type": "",
            "return_type": "",
            "routine_id": "routine_id",
            "routine_type": "PROCEDURE",
            "timeouts": null
          },
          "sensitive_attributes": [],
          "private": "eyJlMmJmYjczMC1lY2FhLTExZTYtOGY4OC0zNDM2M2JjN2M0YzAiOnsiY3JlYXRlIjoxMjAwMDAwMDAwMDAwLCJkZWxldGUiOjEyMDAwMDAwMDAwMDAsInVwZGF0ZSI6MTIwMDAwMDAwMDAwMH19",
          "dependencies": [
            "google_bigquery_dataset.test"
          ]
        }
      ]
    }
  ],
  "check_results": null
}
